
Microsoft Visual Studio Solution File, Format Version 12.00
# Visual Studio Version 17
VisualStudioVersion = 17.2.32616.157
MinimumVisualStudioVersion = 10.0.40219.1
Project("{FAE04EC0-301F-11D3-BF4B-00C04F79EFBC}") = "BetByRate", "BetByRate\BetByRate.csproj", "{223742D6-E777-40F9-8343-B2783208E149}"
EndProject
Global
	GlobalSection(SolutionConfigurationPlatforms) = preSolution
		Debug|Any CPU = Debug|Any CPU
		Release|Any CPU = Release|Any CPU
	EndGlobalSection
	GlobalSection(ProjectConfigurationPlatforms) = postSolution
		{223742D6-E777-40F9-8343-B2783208E149}.Debug|Any CPU.ActiveCfg = Debug|Any CPU
		{223742D6-E777-40F9-8343-B2783208E149}.Debug|Any CPU.Build.0 = Debug|Any CPU
		{223742D6-E777-40F9-8343-B2783208E149}.Release|Any CPU.ActiveCfg = Release|Any CPU
		{223742D6-E777-40F9-8343-B2783208E149}.Release|Any CPU.Build.0 = Release|Any CPU
	EndGlobalSection
	GlobalSection(SolutionProperties) = preSolution
		HideSolutionNode = FALSE
	EndGlobalSection
	GlobalSection(ExtensibilityGlobals) = postSolution
		SolutionGuid = {C691BE58-4DF1-46DB-9008-498C4BA9E295}
	EndGlobalSection
EndGlobal
